
Microsoft Visual Studio Solution File, Format Version 12.00
# Visual Studio 15
VisualStudioVersion = 15.0.28307.329
MinimumVisualStudioVersion = 10.0.40219.1
Project("{FAE04EC0-301F-11D3-BF4B-00C04F79EFBC}") = "Ulanov2", "Ulanov2\Ulanov2.csproj", "{793EFDFD-5B09-4088-8BBF-98E6985DDD6E}"
EndProject
Global
	GlobalSection(SolutionConfigurationPlatforms) = preSolution
		Debug|Any CPU = Debug|Any CPU
		Release|Any CPU = Release|Any CPU
	EndGlobalSection
	GlobalSection(ProjectConfigurationPlatforms) = postSolution
		{793EFDFD-5B09-4088-8BBF-98E6985DDD6E}.Debug|Any CPU.ActiveCfg = Debug|Any CPU
		{793EFDFD-5B09-4088-8BBF-98E6985DDD6E}.Debug|Any CPU.Build.0 = Debug|Any CPU
		{793EFDFD-5B09-4088-8BBF-98E6985DDD6E}.Release|Any CPU.ActiveCfg = Release|Any CPU
		{793EFDFD-5B09-4088-8BBF-98E6985DDD6E}.Release|Any CPU.Build.0 = Release|Any CPU
	EndGlobalSection
	GlobalSection(SolutionProperties) = preSolution
		HideSolutionNode = FALSE
	EndGlobalSection
	GlobalSection(ExtensibilityGlobals) = postSolution
		SolutionGuid = {ACC58CDD-2D9B-4C41-974B-3B97DA4FBB01}
	EndGlobalSection
EndGlobal
